
Microsoft Visual Studio Solution File, Format Version 12.00
# Visual Studio 15
VisualStudioVersion = 15.0.27428.2015
MinimumVisualStudioVersion = 10.0.40219.1
Project("{FAE04EC0-301F-11D3-BF4B-00C04F79EFBC}") = "NCR", "NCR\NCR.csproj", "{6F59C42E-DF2A-4F20-AADD-916FA775F8BC}"
EndProject
Project("{FAE04EC0-301F-11D3-BF4B-00C04F79EFBC}") = "NCR.Tests", "NCR.Tests\NCR.Tests.csproj", "{9997FEF3-3F07-42F9-9C19-F838330848A4}"
EndProject
Global
	GlobalSection(SolutionConfigurationPlatforms) = preSolution
		Debug|Any CPU = Debug|Any CPU
		Release|Any CPU = Release|Any CPU
	EndGlobalSection
	GlobalSection(ProjectConfigurationPlatforms) = postSolution
		{6F59C42E-DF2A-4F20-AADD-916FA775F8BC}.Debug|Any CPU.ActiveCfg = Debug|Any CPU
		{6F59C42E-DF2A-4F20-AADD-916FA775F8BC}.Debug|Any CPU.Build.0 = Debug|Any CPU
		{6F59C42E-DF2A-4F20-AADD-916FA775F8BC}.Release|Any CPU.ActiveCfg = Release|Any CPU
		{6F59C42E-DF2A-4F20-AADD-916FA775F8BC}.Release|Any CPU.Build.0 = Release|Any CPU
		{9997FEF3-3F07-42F9-9C19-F838330848A4}.Debug|Any CPU.ActiveCfg = Debug|Any CPU
		{9997FEF3-3F07-42F9-9C19-F838330848A4}.Debug|Any CPU.Build.0 = Debug|Any CPU
		{9997FEF3-3F07-42F9-9C19-F838330848A4}.Release|Any CPU.ActiveCfg = Release|Any CPU
		{9997FEF3-3F07-42F9-9C19-F838330848A4}.Release|Any CPU.Build.0 = Release|Any CPU
	EndGlobalSection
	GlobalSection(SolutionProperties) = preSolution
		HideSolutionNode = FALSE
	EndGlobalSection
	GlobalSection(ExtensibilityGlobals) = postSolution
		SolutionGuid = {6A9A78BE-10EB-4C39-843E-C24A4EA8A488}
	EndGlobalSection
EndGlobal
